
Microsoft Visual Studio Solution File, Format Version 12.00
Project("{FAE04EC0-301F-11D3-BF4B-00C04F79EFBC}") = "Hotel", "Hotel\Hotel.csproj", "{073DA527-CDEE-4C62-9F76-851BC4545636}"
EndProject
Global
	GlobalSection(SolutionConfigurationPlatforms) = preSolution
		Debug|Any CPU = Debug|Any CPU
		Release|Any CPU = Release|Any CPU
	EndGlobalSection
	GlobalSection(ProjectConfigurationPlatforms) = postSolution
		{073DA527-CDEE-4C62-9F76-851BC4545636}.Debug|Any CPU.ActiveCfg = Debug|Any CPU
		{073DA527-CDEE-4C62-9F76-851BC4545636}.Debug|Any CPU.Build.0 = Debug|Any CPU
		{073DA527-CDEE-4C62-9F76-851BC4545636}.Release|Any CPU.ActiveCfg = Release|Any CPU
		{073DA527-CDEE-4C62-9F76-851BC4545636}.Release|Any CPU.Build.0 = Release|Any CPU
	EndGlobalSection
EndGlobal
